<Solution>
  <Folder Name="/Tutorials/" />
  <Folder Name="/Tutorials/Cqrs/" />
  <Folder Name="/Tutorials/Cqrs/Src/">
    <Project Path="Tutorials/Cqrs/Src/Cqrs.Demo/Cqrs.Demo.csproj" />
  </Folder>
  <Folder Name="/Tutorials/Cqrs/Tests/">
    <Project Path="Tutorials/Cqrs/Tests/Cqrs.Demo.Tests.Unit/Cqrs.Demo.Tests.Unit.csproj" />
  </Folder>
  <Folder Name="/Tutorials/CqrsPipeline/" />
  <Folder Name="/Tutorials/CqrsPipeline/Src/">
    <Project Path="Tutorials/CqrsPipeline/Src/CqrsPipeline.Demo/CqrsPipeline.Demo.csproj" />
  </Folder>
  <Folder Name="/Tutorials/CqrsPipeline/Tests/">
    <Project Path="Tutorials/CqrsPipeline/Tests/CqrsPipeline.Demo.Tests.Unit/CqrsPipeline.Demo.Tests.Unit.csproj" />
  </Folder>
  <Folder Name="/Tutorials/SourceGenerator/" />
  <Folder Name="/Tutorials/SourceGenerator/Src/">
    <Project Path="Tutorials/SourceGenerator/Src/SourceGenerator.Demo/SourceGenerator.Demo.csproj" />
  </Folder>
  <Folder Name="/Tutorials/Observability/" />
  <Folder Name="/Tutorials/Observability/Src/">
    <Project Path="Tutorials/Observability/Src/Observability.Adapters.Infrastructure/Observability.Adapters.Infrastructure.csproj" />
    <Project Path="Tutorials/Observability/Src/Observability.Adapters.Persistence/Observability.Adapters.Persistence.csproj" />
    <Project Path="Tutorials/Observability/Src/Observability.Adapters.Presentation/Observability.Adapters.Presentation.csproj" />
    <Project Path="Tutorials/Observability/Src/Observability.Applications/Observability.Applications.csproj" />
    <Project Path="Tutorials/Observability/Src/Observability.Domains/Observability.Domains.csproj" />
    <Project Path="Tutorials/Observability/Src/Observability/Observability.csproj" />
  </Folder>
  <Folder Name="/Tutorials/Observability/Tests/">
    <Project Path="Tutorials/Observability/Tests/Observability.Tests.Integration/Observability.Tests.Integration.csproj" />
    <Project Path="Tutorials/Observability/Tests/Observability.Tests.Unit/Observability.Tests.Unit.csproj" />
  </Folder>
  <Folder Name="/Src/">
    <Project Path="Src/Functorium/Functorium.csproj" />
    <Project Path="Src/Functorium.Adapters.SourceGenerator/Functorium.Adapters.SourceGenerator.csproj" />
    <Project Path="Src/Functorium.Testing/Functorium.Testing.csproj" Id="38736c0d-ff4f-4c6f-bc1d-f43b860a570a" />
  </Folder>
  <Folder Name="/Tests/">
    <Project Path="Tests/Functorium.Tests.Unit/Functorium.Tests.Unit.csproj" Id="20685fd7-39c5-40e4-89d1-6ac8db7c174a" />
  </Folder>
  <Folder Name="/Books/" />
  <Folder Name="/Books/Functional-ValueObject/" />
  <Folder Name="/Books/Functional-ValueObject/01-Concept/" />
  <Folder Name="/Books/Functional-ValueObject/01-Concept/01-Basic-Divide/">
    <Project Path="Books/Functional-ValueObject/01-Concept/01-Basic-Divide/BasicDivide/BasicDivide.csproj" />
    <Project Path="Books/Functional-ValueObject/01-Concept/01-Basic-Divide/BasicDivide.Tests.Unit/BasicDivide.Tests.Unit.csproj" />
  </Folder>
  <Folder Name="/Books/Functional-ValueObject/01-Concept/02-Defensive-Programming/">
    <Project Path="Books/Functional-ValueObject/01-Concept/02-Defensive-Programming/DefensiveProgramming/DefensiveProgramming.csproj" />
    <Project Path="Books/Functional-ValueObject/01-Concept/02-Defensive-Programming/DefensiveProgramming.Tests.Unit/DefensiveProgramming.Tests.Unit.csproj" />
  </Folder>
  <Folder Name="/Books/Functional-ValueObject/01-Concept/03-Functional-Result/">
    <Project Path="Books/Functional-ValueObject/01-Concept/03-Functional-Result/FunctionalResult/FunctionalResult.csproj" />
    <Project Path="Books/Functional-ValueObject/01-Concept/03-Functional-Result/FunctionalResult.Tests.Unit/FunctionalResult.Tests.Unit.csproj" />
  </Folder>
  <Folder Name="/Books/Functional-ValueObject/01-Concept/04-Always-Valid/">
    <Project Path="Books/Functional-ValueObject/01-Concept/04-Always-Valid/AlwaysValid/AlwaysValid.csproj" />
    <Project Path="Books/Functional-ValueObject/01-Concept/04-Always-Valid/AlwaysValid.Tests.Unit/AlwaysValid.Tests.Unit.csproj" />
  </Folder>
  <Folder Name="/Books/Functional-ValueObject/01-Concept/05-Operator-Overloading/">
    <Project Path="Books/Functional-ValueObject/01-Concept/05-Operator-Overloading/OperatorOverloading/OperatorOverloading.csproj" />
    <Project Path="Books/Functional-ValueObject/01-Concept/05-Operator-Overloading/OperatorOverloading.Tests.Unit/OperatorOverloading.Tests.Unit.csproj" />
  </Folder>
  <Folder Name="/Books/Functional-ValueObject/01-Concept/06-Linq-Expression/">
    <Project Path="Books/Functional-ValueObject/01-Concept/06-Linq-Expression/LinqExpression/LinqExpression.csproj" />
    <Project Path="Books/Functional-ValueObject/01-Concept/06-Linq-Expression/LinqExpression.Tests.Unit/LinqExpression.Tests.Unit.csproj" />
  </Folder>
  <Folder Name="/Books/Functional-ValueObject/01-Concept/07-Value-Equality/">
    <Project Path="Books/Functional-ValueObject/01-Concept/07-Value-Equality/ValueEquality/ValueEquality.csproj" />
    <Project Path="Books/Functional-ValueObject/01-Concept/07-Value-Equality/ValueEquality.Tests.Unit/ValueEquality.Tests.Unit.csproj" />
  </Folder>
  <Folder Name="/Books/Functional-ValueObject/01-Concept/08-Value-Comparability/">
    <Project Path="Books/Functional-ValueObject/01-Concept/08-Value-Comparability/ValueComparability/ValueComparability.csproj" />
    <Project Path="Books/Functional-ValueObject/01-Concept/08-Value-Comparability/ValueComparability.Tests.Unit/ValueComparability.Tests.Unit.csproj" />
  </Folder>
  <Folder Name="/Books/Functional-ValueObject/01-Concept/09-Create-Validate-Separation/">
    <Project Path="Books/Functional-ValueObject/01-Concept/09-Create-Validate-Separation/CreateValidateSeparation/CreateValidateSeparation.csproj" />
    <Project Path="Books/Functional-ValueObject/01-Concept/09-Create-Validate-Separation/CreateValidateSeparation.Tests.Unit/CreateValidateSeparation.Tests.Unit.csproj" />
  </Folder>
  <Folder Name="/Books/Functional-ValueObject/01-Concept/10-Validated-Value-Creation/">
    <Project Path="Books/Functional-ValueObject/01-Concept/10-Validated-Value-Creation/ValidatedValueCreation/ValidatedValueCreation.csproj" />
    <Project Path="Books/Functional-ValueObject/01-Concept/10-Validated-Value-Creation/ValidatedValueCreation.Tests.Unit/ValidatedValueCreation.Tests.Unit.csproj" />
  </Folder>
  <Folder Name="/Books/Functional-ValueObject/01-Concept/11-ValueObject-Framework/">
    <Project Path="Books/Functional-ValueObject/01-Concept/11-ValueObject-Framework/Framework/Framework.csproj" />
    <Project Path="Books/Functional-ValueObject/01-Concept/11-ValueObject-Framework/ValueObjectFramework/ValueObjectFramework.csproj" />
    <Project Path="Books/Functional-ValueObject/01-Concept/11-ValueObject-Framework/ValueObjectFramework.Tests.Unit/ValueObjectFramework.Tests.Unit.csproj" />
  </Folder>
  <Folder Name="/Books/Functional-ValueObject/01-Concept/12-Type-Safe-Enums/">
    <Project Path="Books/Functional-ValueObject/01-Concept/12-Type-Safe-Enums/Framework/Framework.csproj" />
    <Project Path="Books/Functional-ValueObject/01-Concept/12-Type-Safe-Enums/TypeSafeEnums/TypeSafeEnums.csproj" />
    <Project Path="Books/Functional-ValueObject/01-Concept/12-Type-Safe-Enums/TypeSafeEnums.Tests.Unit/TypeSafeEnums.Tests.Unit.csproj" />
  </Folder>
  <Folder Name="/Books/Functional-ValueObject/01-Concept/13-Error-Code/">
    <Project Path="Books/Functional-ValueObject/01-Concept/13-Error-Code/ErrorCode/ErrorCode.csproj" />
    <Project Path="Books/Functional-ValueObject/01-Concept/13-Error-Code/ErrorCode.Tests.Unit/ErrorCode.Tests.Unit.csproj" />
    <Project Path="Books/Functional-ValueObject/01-Concept/13-Error-Code/Framework/Framework.csproj" />
  </Folder>
  <Folder Name="/Books/Functional-ValueObject/01-Concept/14-Architecture-Test/">
    <Project Path="Books/Functional-ValueObject/01-Concept/14-Architecture-Test/ArchitectureTest/ArchitectureTest.csproj" />
    <Project Path="Books/Functional-ValueObject/01-Concept/14-Architecture-Test/ArchitectureTest.Tests.Unit/ArchitectureTest.Tests.Unit.csproj" />
    <Project Path="Books/Functional-ValueObject/01-Concept/14-Architecture-Test/Framework/Framework.csproj" />
    <Project Path="Books/Functional-ValueObject/01-Concept/14-Architecture-Test/Framework.Testing/Framework.Testing.csproj" />
  </Folder>
  <Folder Name="/Books/Functional-ValueObject/02-Validation/">
    <Project Path="Books/Functional-ValueObject/02-Validation/01-Bind-Sequential-Validation/BindSequentialValidation.csproj" />
    <Project Path="Books/Functional-ValueObject/02-Validation/02-Apply-Parallel-Validation/ApplyParallelValidation.csproj" />
    <Project Path="Books/Functional-ValueObject/02-Validation/03-Apply-Bind-Combined-Validation/ApplyBindCombinedValidation.csproj" />
    <Project Path="Books/Functional-ValueObject/02-Validation/04-Apply-Internal-Bind-Validation/ApplyInternalBindValidation.csproj" />
    <Project Path="Books/Functional-ValueObject/02-Validation/05-Bind-Internal-Apply-Validation/BindInternalApplyValidation.csproj" />
  </Folder>
  <Folder Name="/Books/Functional-ValueObject/03-Patterns/">
    <Project Path="Books/Functional-ValueObject/03-Patterns/01-SimpleValueObject/SimpleValueObject.csproj" />
    <Project Path="Books/Functional-ValueObject/03-Patterns/02-ComparableSimpleValueObject/ComparableSimpleValueObject.csproj" />
    <Project Path="Books/Functional-ValueObject/03-Patterns/03-ValueObject-Primitive/ValueObjectPrimitive.csproj" />
    <Project Path="Books/Functional-ValueObject/03-Patterns/04-ComparableValueObject-Primitive/ComparableValueObjectPrimitive.csproj" />
    <Project Path="Books/Functional-ValueObject/03-Patterns/05-ValueObject-Composite/ValueObjectComposite.csproj" />
    <Project Path="Books/Functional-ValueObject/03-Patterns/06-ComparableValueObject-Composite/ComparableValueObjectComposite.csproj" />
    <Project Path="Books/Functional-ValueObject/03-Patterns/07-TypeSafeEnum/TypeSafeEnum.csproj" />
    <Project Path="Books/Functional-ValueObject/03-Patterns/08-Architecture-Test/ArchitectureTest.csproj" />
  </Folder>
</Solution>
