<Solution>
  <Folder Name="/Tutorials/">
    <Project Path="Tutorials/LanguageExtExplore/LanguageExtExplore.csproj" />
  </Folder>
  <Folder Name="/Tutorials/MediatorEvents/" />
  <Folder Name="/Tutorials/MediatorEvents/Src/">
    <Project Path="Tutorials/MediatorEvents/Src/MediatorEvents.Demo/MediatorEvents.Demo.csproj" />
  </Folder>
  <Folder Name="/Tutorials/Cqrs01/" />
  <Folder Name="/Tutorials/Cqrs01/Src/">
    <Project Path="Tutorials/Cqrs01/Src/Cqrs01.Demo/Cqrs01.Demo.csproj" />
  </Folder>
  <Folder Name="/Tutorials/Cqrs01/Tests/">
    <Project Path="Tutorials/Cqrs01/Tests/Cqrs01.Demo.Tests.Unit/Cqrs01.Demo.Tests.Unit.csproj" />
  </Folder>
  <Folder Name="/Tutorials/Cqrs02Pipeline/" />
  <Folder Name="/Tutorials/Cqrs02Pipeline/Src/">
    <Project Path="Tutorials/Cqrs02Pipeline/Src/Cqrs02Pipeline.Demo/Cqrs02Pipeline.Demo.csproj" />
  </Folder>
  <Folder Name="/Tutorials/Cqrs02Pipeline/Tests/">
    <Project Path="Tutorials/Cqrs02Pipeline/Tests/Cqrs02Pipeline.Demo.Tests.Unit/Cqrs02Pipeline.Demo.Tests.Unit.csproj" />
  </Folder>
  <Folder Name="/Tutorials/Cqrs03Functional/" />
  <Folder Name="/Tutorials/Cqrs03Functional/Src/">
    <Project Path="Tutorials/Cqrs03Functional/Src/Cqrs03Functional.Demo/Cqrs03Functional.Demo.csproj" />
  </Folder>
  <Folder Name="/Tutorials/Cqrs03Functional/Tests/">
    <Project Path="Tutorials/Cqrs03Functional/Tests/Cqrs03Functional.Demo.Tests.Unit/Cqrs03Functional.Demo.Tests.Unit.csproj" />
  </Folder>
  <Folder Name="/Tutorials/ResultPattern/" />
  <Folder Name="/Tutorials/ResultPattern/Src/">
    <Project Path="Tutorials/ResultPattern/Src/ResultPattern.Demo/ResultPattern.Demo.csproj" />
  </Folder>
  <Folder Name="/Tutorials/SourceGenerator/" />
  <Folder Name="/Tutorials/SourceGenerator/Src/">
    <Project Path="Tutorials/SourceGenerator/Src/SourceGenerator.Demo/SourceGenerator.Demo.csproj" />
  </Folder>
  <Folder Name="/Tutorials/Cqrs04Endpoint/" />
  <Folder Name="/Tutorials/Cqrs04Endpoint/Src/">
    <Project Path="Tutorials/Cqrs04Endpoint/Src/Cqrs04Endpoint.WebApi/Cqrs04Endpoint.WebApi.csproj" />
  </Folder>
  <Folder Name="/Tutorials/Cqrs04Endpoint/Tests/">
    <Project Path="Tutorials/Cqrs04Endpoint/Tests/Cqrs04Endpoint.WebApi.Tests.Unit/Cqrs04Endpoint.WebApi.Tests.Unit.csproj" />
  </Folder>
  <Folder Name="/Tutorials/Cqrs06Services/" />
  <Folder Name="/Tutorials/Cqrs06Services/Src/">
    <Project Path="Tutorials/Cqrs06Services/Src/Cqrs06Services.Messages/Cqrs06Services.Messages.csproj" />
    <Project Path="Tutorials/Cqrs06Services/Src/InventoryService/InventoryService.csproj" />
    <Project Path="Tutorials/Cqrs06Services/Src/OrderService/OrderService.csproj" />
  </Folder>
  <Folder Name="/Tutorials/Cqrs06Services/Tests/">
    <!--
    <Project Path="Tutorials/Cqrs06Services/Tests/Cqrs06Services.Tests.Integration/Cqrs06Services.Tests.Integration.csproj" />
    -->
    <Project Path="Tutorials/Cqrs06Services/Tests/InventoryService.Tests.Unit/InventoryService.Tests.Unit.csproj" />
    <Project Path="Tutorials/Cqrs06Services/Tests/OrderService.Tests.Unit/OrderService.Tests.Unit.csproj" />
  </Folder>
  <Folder Name="/Tutorials/Observability/" />
  <Folder Name="/Tutorials/Observability/Src/">
    <Project Path="Tutorials/Observability/Src/Observability.Adapters.Infrastructure/Observability.Adapters.Infrastructure.csproj" />
    <Project Path="Tutorials/Observability/Src/Observability.Adapters.Persistence/Observability.Adapters.Persistence.csproj" />
    <Project Path="Tutorials/Observability/Src/Observability.Adapters.Presentation/Observability.Adapters.Presentation.csproj" />
    <Project Path="Tutorials/Observability/Src/Observability.Applications/Observability.Applications.csproj" />
    <Project Path="Tutorials/Observability/Src/Observability.Domains/Observability.Domains.csproj" />
    <Project Path="Tutorials/Observability/Src/Observability/Observability.csproj" />
  </Folder>
  <Folder Name="/Tutorials/Observability/Tests/">
    <Project Path="Tutorials/Observability/Tests/Observability.Tests.Integration/Observability.Tests.Integration.csproj" />
    <Project Path="Tutorials/Observability/Tests/Observability.Tests.Unit/Observability.Tests.Unit.csproj" />
  </Folder>
  <Folder Name="/Tutorials/Cqrs05EndpointLayered/" />
  <Folder Name="/Tutorials/Cqrs05EndpointLayered/Src/">
    <Project Path="Tutorials/Cqrs05EndpointLayered/Src/Cqrs05EndpointLayered.Adapters.Infrastructure/Cqrs05EndpointLayered.Adapters.Infrastructure.csproj" />
    <Project Path="Tutorials/Cqrs05EndpointLayered/Src/Cqrs05EndpointLayered.Adapters.Persistence/Cqrs05EndpointLayered.Adapters.Persistence.csproj" />
    <Project Path="Tutorials/Cqrs05EndpointLayered/Src/Cqrs05EndpointLayered.Adapters.Presentation/Cqrs05EndpointLayered.Adapters.Presentation.csproj" />
    <Project Path="Tutorials/Cqrs05EndpointLayered/Src/Cqrs05EndpointLayered.Applications/Cqrs05EndpointLayered.Applications.csproj" />
    <Project Path="Tutorials/Cqrs05EndpointLayered/Src/Cqrs05EndpointLayered.Domains/Cqrs05EndpointLayered.Domains.csproj" />
    <Project Path="Tutorials/Cqrs05EndpointLayered/Src/Cqrs05EndpointLayered/Cqrs05EndpointLayered.csproj" />
  </Folder>
  <Folder Name="/Tutorials/Cqrs05EndpointLayered/Tests/">
    <Project Path="Tutorials/Cqrs05EndpointLayered/Tests/Cqrs05EndpointLayered.Tests.Integration/Cqrs05EndpointLayered.Tests.Integration.csproj" />
    <Project Path="Tutorials/Cqrs05EndpointLayered/Tests/Cqrs05EndpointLayered.Tests.Unit/Cqrs05EndpointLayered.Tests.Unit.csproj" />
  </Folder>
  <Folder Name="/Tutorials/TwoWayMappingLayered/" />
  <Folder Name="/Tutorials/TwoWayMappingLayered/Src/">
    <Project Path="Tutorials/TwoWayMappingLayered/Src/TwoWayMappingLayered.Adapters.Infrastructure/TwoWayMappingLayered.Adapters.Infrastructure.csproj" />
    <Project Path="Tutorials/TwoWayMappingLayered/Src/TwoWayMappingLayered.Adapters.Persistence/TwoWayMappingLayered.Adapters.Persistence.csproj" />
    <Project Path="Tutorials/TwoWayMappingLayered/Src/TwoWayMappingLayered.Adapters.Presentation/TwoWayMappingLayered.Adapters.Presentation.csproj" />
    <Project Path="Tutorials/TwoWayMappingLayered/Src/TwoWayMappingLayered.Applications/TwoWayMappingLayered.Applications.csproj" />
    <Project Path="Tutorials/TwoWayMappingLayered/Src/TwoWayMappingLayered.Domains/TwoWayMappingLayered.Domains.csproj" />
    <Project Path="Tutorials/TwoWayMappingLayered/Src/TwoWayMappingLayered/TwoWayMappingLayered.csproj" />
  </Folder>
  <Folder Name="/Tutorials/SpecificationPattern/" />
  <Folder Name="/Tutorials/SpecificationPattern/Src/">
    <Project Path="Tutorials/SpecificationPattern/Src/SpecificationPattern.Demo/SpecificationPattern.Demo.csproj" />
  </Folder>
  <Folder Name="/Tutorials/SpecificationPattern/Tests/">
    <Project Path="Tutorials/SpecificationPattern/Tests/SpecificationPattern.Demo.Tests.Unit/SpecificationPattern.Demo.Tests.Unit.csproj" />
  </Folder>
  <Folder Name="/Tutorials/HistogramExploration/" />
  <Folder Name="/Tutorials/HistogramExploration/Src/">
    <Project Path="Tutorials/HistogramExploration/Src/HistogramExploration.Demo/HistogramExploration.Demo.csproj" />
  </Folder>
  <Folder Name="/Tutorials/HistogramExploration/Tests/">
    <Project Path="Tutorials/HistogramExploration/Tests/HistogramExploration.Demo.Tests.Unit/HistogramExploration.Demo.Tests.Unit.csproj" />
  </Folder>
  <Folder Name="/Tutorials/OptionsPattern/" />
  <Folder Name="/Tutorials/OptionsPattern/Src/">
    <Project Path="Tutorials/OptionsPattern/Src/OptionsPattern.Demo/OptionsPattern.Demo.csproj" />
  </Folder>
  <Folder Name="/Tutorials/OptionsPattern/Tests/">
    <Project Path="Tutorials/OptionsPattern/Tests/OptionsPattern.Demo.Tests.Unit/OptionsPattern.Demo.Tests.Unit.csproj" />
  </Folder>
  <Folder Name="/Src/">
    <Project Path="Src/Functorium/Functorium.csproj" />
    <Project Path="Src/Functorium.SourceGenerators/Functorium.SourceGenerators.csproj" />
    <Project Path="Src/Functorium.Testing/Functorium.Testing.csproj" Id="38736c0d-ff4f-4c6f-bc1d-f43b860a570a" />
  </Folder>
  <Folder Name="/Tests.Hosts/" />
  <Folder Name="/Tests.Hosts/01-SingleHost/" />
  <Folder Name="/Tests.Hosts/01-SingleHost/Src/">
    <Project Path="Tests.Hosts/01-SingleHost/Src/LayeredArch/LayeredArch.csproj" />
    <Project Path="Tests.Hosts/01-SingleHost/Src/LayeredArch.Domain/LayeredArch.Domain.csproj" />
    <Project Path="Tests.Hosts/01-SingleHost/Src/LayeredArch.Application/LayeredArch.Application.csproj" />
    <Project Path="Tests.Hosts/01-SingleHost/Src/LayeredArch.Adapters.Persistence/LayeredArch.Adapters.Persistence.csproj" />
    <Project Path="Tests.Hosts/01-SingleHost/Src/LayeredArch.Adapters.Presentation/LayeredArch.Adapters.Presentation.csproj" />
    <Project Path="Tests.Hosts/01-SingleHost/Src/LayeredArch.Adapters.Infrastructure/LayeredArch.Adapters.Infrastructure.csproj" />
  </Folder>
  <Folder Name="/Tests.Hosts/01-SingleHost/Tests/">
    <Project Path="Tests.Hosts/01-SingleHost/Tests/LayeredArch.Tests.Unit/LayeredArch.Tests.Unit.csproj" />
    <Project Path="Tests.Hosts/01-SingleHost/Tests/LayeredArch.Tests.Integration/LayeredArch.Tests.Integration.csproj" />
  </Folder>
  <Folder Name="/Tests/">
    <Project Path="Tests/Functorium.Tests.Unit/Functorium.Tests.Unit.csproj" Id="20685fd7-39c5-40e4-89d1-6ac8db7c174a" />
    <Project Path="Tests/Functorium.Tests.Integration/Functorium.Tests.Integration.csproj" />
  </Folder>
  <Folder Name="/Books/" />
  <Folder Name="/Books/Implementing-Functional-ValueObject/" />
  <Folder Name="/Books/Implementing-Functional-ValueObject/Part1-ValueObject-Concepts/" />
  <Folder Name="/Books/Implementing-Functional-ValueObject/Part1-ValueObject-Concepts/01-Basic-Divide/">
    <Project Path="Books/Implementing-Functional-ValueObject/Part1-ValueObject-Concepts/01-Basic-Divide/BasicDivide/BasicDivide.csproj" />
    <Project Path="Books/Implementing-Functional-ValueObject/Part1-ValueObject-Concepts/01-Basic-Divide/BasicDivide.Tests.Unit/BasicDivide.Tests.Unit.csproj" />
  </Folder>
  <Folder Name="/Books/Implementing-Functional-ValueObject/Part1-ValueObject-Concepts/02-Defensive-Programming/">
    <Project Path="Books/Implementing-Functional-ValueObject/Part1-ValueObject-Concepts/02-Defensive-Programming/DefensiveProgramming/DefensiveProgramming.csproj" />
    <Project Path="Books/Implementing-Functional-ValueObject/Part1-ValueObject-Concepts/02-Defensive-Programming/DefensiveProgramming.Tests.Unit/DefensiveProgramming.Tests.Unit.csproj" />
  </Folder>
  <Folder Name="/Books/Implementing-Functional-ValueObject/Part1-ValueObject-Concepts/03-Functional-Result/">
    <Project Path="Books/Implementing-Functional-ValueObject/Part1-ValueObject-Concepts/03-Functional-Result/FunctionalResult/FunctionalResult.csproj" />
    <Project Path="Books/Implementing-Functional-ValueObject/Part1-ValueObject-Concepts/03-Functional-Result/FunctionalResult.Tests.Unit/FunctionalResult.Tests.Unit.csproj" />
  </Folder>
  <Folder Name="/Books/Implementing-Functional-ValueObject/Part1-ValueObject-Concepts/04-Always-Valid/">
    <Project Path="Books/Implementing-Functional-ValueObject/Part1-ValueObject-Concepts/04-Always-Valid/AlwaysValid/AlwaysValid.csproj" />
    <Project Path="Books/Implementing-Functional-ValueObject/Part1-ValueObject-Concepts/04-Always-Valid/AlwaysValid.Tests.Unit/AlwaysValid.Tests.Unit.csproj" />
  </Folder>
  <Folder Name="/Books/Implementing-Functional-ValueObject/Part1-ValueObject-Concepts/05-Operator-Overloading/">
    <Project Path="Books/Implementing-Functional-ValueObject/Part1-ValueObject-Concepts/05-Operator-Overloading/OperatorOverloading/OperatorOverloading.csproj" />
    <Project Path="Books/Implementing-Functional-ValueObject/Part1-ValueObject-Concepts/05-Operator-Overloading/OperatorOverloading.Tests.Unit/OperatorOverloading.Tests.Unit.csproj" />
  </Folder>
  <Folder Name="/Books/Implementing-Functional-ValueObject/Part1-ValueObject-Concepts/06-Linq-Expression/">
    <Project Path="Books/Implementing-Functional-ValueObject/Part1-ValueObject-Concepts/06-Linq-Expression/LinqExpression/LinqExpression.csproj" />
    <Project Path="Books/Implementing-Functional-ValueObject/Part1-ValueObject-Concepts/06-Linq-Expression/LinqExpression.Tests.Unit/LinqExpression.Tests.Unit.csproj" />
  </Folder>
  <Folder Name="/Books/Implementing-Functional-ValueObject/Part1-ValueObject-Concepts/07-Value-Equality/">
    <Project Path="Books/Implementing-Functional-ValueObject/Part1-ValueObject-Concepts/07-Value-Equality/ValueEquality/ValueEquality.csproj" />
    <Project Path="Books/Implementing-Functional-ValueObject/Part1-ValueObject-Concepts/07-Value-Equality/ValueEquality.Tests.Unit/ValueEquality.Tests.Unit.csproj" />
  </Folder>
  <Folder Name="/Books/Implementing-Functional-ValueObject/Part1-ValueObject-Concepts/08-Value-Comparability/">
    <Project Path="Books/Implementing-Functional-ValueObject/Part1-ValueObject-Concepts/08-Value-Comparability/ValueComparability/ValueComparability.csproj" />
    <Project Path="Books/Implementing-Functional-ValueObject/Part1-ValueObject-Concepts/08-Value-Comparability/ValueComparability.Tests.Unit/ValueComparability.Tests.Unit.csproj" />
  </Folder>
  <Folder Name="/Books/Implementing-Functional-ValueObject/Part1-ValueObject-Concepts/09-Create-Validate-Separation/">
    <Project Path="Books/Implementing-Functional-ValueObject/Part1-ValueObject-Concepts/09-Create-Validate-Separation/CreateValidateSeparation/CreateValidateSeparation.csproj" />
    <Project Path="Books/Implementing-Functional-ValueObject/Part1-ValueObject-Concepts/09-Create-Validate-Separation/CreateValidateSeparation.Tests.Unit/CreateValidateSeparation.Tests.Unit.csproj" />
  </Folder>
  <Folder Name="/Books/Implementing-Functional-ValueObject/Part1-ValueObject-Concepts/10-Validated-Value-Creation/">
    <Project Path="Books/Implementing-Functional-ValueObject/Part1-ValueObject-Concepts/10-Validated-Value-Creation/ValidatedValueCreation/ValidatedValueCreation.csproj" />
    <Project Path="Books/Implementing-Functional-ValueObject/Part1-ValueObject-Concepts/10-Validated-Value-Creation/ValidatedValueCreation.Tests.Unit/ValidatedValueCreation.Tests.Unit.csproj" />
  </Folder>
  <Folder Name="/Books/Implementing-Functional-ValueObject/Part1-ValueObject-Concepts/11-ValueObject-Framework/">
    <Project Path="Books/Implementing-Functional-ValueObject/Part1-ValueObject-Concepts/11-ValueObject-Framework/Framework/Framework.csproj" />
    <Project Path="Books/Implementing-Functional-ValueObject/Part1-ValueObject-Concepts/11-ValueObject-Framework/ValueObjectFramework/ValueObjectFramework.csproj" />
    <Project Path="Books/Implementing-Functional-ValueObject/Part1-ValueObject-Concepts/11-ValueObject-Framework/ValueObjectFramework.Tests.Unit/ValueObjectFramework.Tests.Unit.csproj" />
  </Folder>
  <Folder Name="/Books/Implementing-Functional-ValueObject/Part1-ValueObject-Concepts/12-Type-Safe-Enums/">
    <Project Path="Books/Implementing-Functional-ValueObject/Part1-ValueObject-Concepts/12-Type-Safe-Enums/Framework/Framework.csproj" />
    <Project Path="Books/Implementing-Functional-ValueObject/Part1-ValueObject-Concepts/12-Type-Safe-Enums/TypeSafeEnums/TypeSafeEnums.csproj" />
    <Project Path="Books/Implementing-Functional-ValueObject/Part1-ValueObject-Concepts/12-Type-Safe-Enums/TypeSafeEnums.Tests.Unit/TypeSafeEnums.Tests.Unit.csproj" />
  </Folder>
  <Folder Name="/Books/Implementing-Functional-ValueObject/Part1-ValueObject-Concepts/13-Error-Code/">
    <Project Path="Books/Implementing-Functional-ValueObject/Part1-ValueObject-Concepts/13-Error-Code/ErrorCode/ErrorCode.csproj" />
    <Project Path="Books/Implementing-Functional-ValueObject/Part1-ValueObject-Concepts/13-Error-Code/ErrorCode.Tests.Unit/ErrorCode.Tests.Unit.csproj" />
    <Project Path="Books/Implementing-Functional-ValueObject/Part1-ValueObject-Concepts/13-Error-Code/Framework/Framework.csproj" />
  </Folder>
  <Folder Name="/Books/Implementing-Functional-ValueObject/Part1-ValueObject-Concepts/14-Error-Code-Fluent/">
    <Project Path="Books/Implementing-Functional-ValueObject/Part1-ValueObject-Concepts/14-Error-Code-Fluent/ErrorCodeFluent/ErrorCodeFluent.csproj" />
    <Project Path="Books/Implementing-Functional-ValueObject/Part1-ValueObject-Concepts/14-Error-Code-Fluent/ErrorCodeFluent.Tests.Unit/ErrorCodeFluent.Tests.Unit.csproj" />
  </Folder>
  <Folder Name="/Books/Implementing-Functional-ValueObject/Part1-ValueObject-Concepts/15-Validation-Fluent/">
    <Project Path="Books/Implementing-Functional-ValueObject/Part1-ValueObject-Concepts/15-Validation-Fluent/ValidationFluent/ValidationFluent.csproj" />
    <Project Path="Books/Implementing-Functional-ValueObject/Part1-ValueObject-Concepts/15-Validation-Fluent/ValidationFluent.Tests.Unit/ValidationFluent.Tests.Unit.csproj" />
  </Folder>
  <Folder Name="/Books/Implementing-Functional-ValueObject/Part1-ValueObject-Concepts/16-Architecture-Test/">
    <Project Path="Books/Implementing-Functional-ValueObject/Part1-ValueObject-Concepts/16-Architecture-Test/ArchitectureTest/ArchitectureTest.csproj" />
    <Project Path="Books/Implementing-Functional-ValueObject/Part1-ValueObject-Concepts/16-Architecture-Test/ArchitectureTest.Tests.Unit/ArchitectureTest.Tests.Unit.csproj" />
    <Project Path="Books/Implementing-Functional-ValueObject/Part1-ValueObject-Concepts/16-Architecture-Test/Framework/Framework.csproj" />
    <Project Path="Books/Implementing-Functional-ValueObject/Part1-ValueObject-Concepts/16-Architecture-Test/Framework.Testing/Framework.Testing.csproj" />
  </Folder>
  <Folder Name="/Books/Implementing-Functional-ValueObject/Part2-Validation-Patterns/" />
  <Folder Name="/Books/Implementing-Functional-ValueObject/Part2-Validation-Patterns/01-Bind-Sequential-Validation/">
    <Project Path="Books/Implementing-Functional-ValueObject/Part2-Validation-Patterns/01-Bind-Sequential-Validation/BindSequentialValidation/BindSequentialValidation.csproj" />
    <Project Path="Books/Implementing-Functional-ValueObject/Part2-Validation-Patterns/01-Bind-Sequential-Validation/BindSequentialValidation.Tests.Unit/BindSequentialValidation.Tests.Unit.csproj" />
  </Folder>
  <Folder Name="/Books/Implementing-Functional-ValueObject/Part2-Validation-Patterns/02-Apply-Parallel-Validation/">
    <Project Path="Books/Implementing-Functional-ValueObject/Part2-Validation-Patterns/02-Apply-Parallel-Validation/ApplyParallelValidation/ApplyParallelValidation.csproj" />
    <Project Path="Books/Implementing-Functional-ValueObject/Part2-Validation-Patterns/02-Apply-Parallel-Validation/ApplyParallelValidation.Tests.Unit/ApplyParallelValidation.Tests.Unit.csproj" />
  </Folder>
  <Folder Name="/Books/Implementing-Functional-ValueObject/Part2-Validation-Patterns/03-Apply-Bind-Combined-Validation/">
    <Project Path="Books/Implementing-Functional-ValueObject/Part2-Validation-Patterns/03-Apply-Bind-Combined-Validation/ApplyBindCombinedValidation/ApplyBindCombinedValidation.csproj" />
    <Project Path="Books/Implementing-Functional-ValueObject/Part2-Validation-Patterns/03-Apply-Bind-Combined-Validation/ApplyBindCombinedValidation.Tests.Unit/ApplyBindCombinedValidation.Tests.Unit.csproj" />
  </Folder>
  <Folder Name="/Books/Implementing-Functional-ValueObject/Part2-Validation-Patterns/04-Apply-Internal-Bind-Validation/">
    <Project Path="Books/Implementing-Functional-ValueObject/Part2-Validation-Patterns/04-Apply-Internal-Bind-Validation/ApplyInternalBindValidation/ApplyInternalBindValidation.csproj" />
    <Project Path="Books/Implementing-Functional-ValueObject/Part2-Validation-Patterns/04-Apply-Internal-Bind-Validation/ApplyInternalBindValidation.Tests.Unit/ApplyInternalBindValidation.Tests.Unit.csproj" />
  </Folder>
  <Folder Name="/Books/Implementing-Functional-ValueObject/Part2-Validation-Patterns/05-Bind-Internal-Apply-Validation/">
    <Project Path="Books/Implementing-Functional-ValueObject/Part2-Validation-Patterns/05-Bind-Internal-Apply-Validation/BindInternalApplyValidation/BindInternalApplyValidation.csproj" />
    <Project Path="Books/Implementing-Functional-ValueObject/Part2-Validation-Patterns/05-Bind-Internal-Apply-Validation/BindInternalApplyValidation.Tests.Unit/BindInternalApplyValidation.Tests.Unit.csproj" />
  </Folder>
  <Folder Name="/Books/Implementing-Functional-ValueObject/Part3-ValueObject-Patterns/" />
  <Folder Name="/Books/Implementing-Functional-ValueObject/Part3-ValueObject-Patterns/01-SimpleValueObject/">
    <Project Path="Books/Implementing-Functional-ValueObject/Part3-ValueObject-Patterns/01-SimpleValueObject/SimpleValueObject/SimpleValueObject.csproj" />
    <Project Path="Books/Implementing-Functional-ValueObject/Part3-ValueObject-Patterns/01-SimpleValueObject/SimpleValueObject.Tests.Unit/SimpleValueObject.Tests.Unit.csproj" />
  </Folder>
  <Folder Name="/Books/Implementing-Functional-ValueObject/Part3-ValueObject-Patterns/02-ComparableSimpleValueObject/">
    <Project Path="Books/Implementing-Functional-ValueObject/Part3-ValueObject-Patterns/02-ComparableSimpleValueObject/ComparableSimpleValueObject/ComparableSimpleValueObject.csproj" />
    <Project Path="Books/Implementing-Functional-ValueObject/Part3-ValueObject-Patterns/02-ComparableSimpleValueObject/ComparableSimpleValueObject.Tests.Unit/ComparableSimpleValueObject.Tests.Unit.csproj" />
  </Folder>
  <Folder Name="/Books/Implementing-Functional-ValueObject/Part3-ValueObject-Patterns/03-ValueObject-Primitive/">
    <Project Path="Books/Implementing-Functional-ValueObject/Part3-ValueObject-Patterns/03-ValueObject-Primitive/ValueObjectPrimitive/ValueObjectPrimitive.csproj" />
    <Project Path="Books/Implementing-Functional-ValueObject/Part3-ValueObject-Patterns/03-ValueObject-Primitive/ValueObjectPrimitive.Tests.Unit/ValueObjectPrimitive.Tests.Unit.csproj" />
  </Folder>
  <Folder Name="/Books/Implementing-Functional-ValueObject/Part3-ValueObject-Patterns/04-ComparableValueObject-Primitive/">
    <Project Path="Books/Implementing-Functional-ValueObject/Part3-ValueObject-Patterns/04-ComparableValueObject-Primitive/ComparableValueObjectPrimitive/ComparableValueObjectPrimitive.csproj" />
    <Project Path="Books/Implementing-Functional-ValueObject/Part3-ValueObject-Patterns/04-ComparableValueObject-Primitive/ComparableValueObjectPrimitive.Tests.Unit/ComparableValueObjectPrimitive.Tests.Unit.csproj" />
  </Folder>
  <Folder Name="/Books/Implementing-Functional-ValueObject/Part3-ValueObject-Patterns/05-ValueObject-Composite/">
    <Project Path="Books/Implementing-Functional-ValueObject/Part3-ValueObject-Patterns/05-ValueObject-Composite/ValueObjectComposite/ValueObjectComposite.csproj" />
    <Project Path="Books/Implementing-Functional-ValueObject/Part3-ValueObject-Patterns/05-ValueObject-Composite/ValueObjectComposite.Tests.Unit/ValueObjectComposite.Tests.Unit.csproj" />
  </Folder>
  <Folder Name="/Books/Implementing-Functional-ValueObject/Part3-ValueObject-Patterns/06-ComparableValueObject-Composite/">
    <Project Path="Books/Implementing-Functional-ValueObject/Part3-ValueObject-Patterns/06-ComparableValueObject-Composite/ComparableValueObjectComposite/ComparableValueObjectComposite.csproj" />
    <Project Path="Books/Implementing-Functional-ValueObject/Part3-ValueObject-Patterns/06-ComparableValueObject-Composite/ComparableValueObjectComposite.Tests.Unit/ComparableValueObjectComposite.Tests.Unit.csproj" />
  </Folder>
  <Folder Name="/Books/Implementing-Functional-ValueObject/Part3-ValueObject-Patterns/07-TypeSafeEnum/">
    <Project Path="Books/Implementing-Functional-ValueObject/Part3-ValueObject-Patterns/07-TypeSafeEnum/TypeSafeEnum/TypeSafeEnum.csproj" />
    <Project Path="Books/Implementing-Functional-ValueObject/Part3-ValueObject-Patterns/07-TypeSafeEnum/TypeSafeEnum.Tests.Unit/TypeSafeEnum.Tests.Unit.csproj" />
  </Folder>
  <Folder Name="/Books/Implementing-Functional-ValueObject/Part3-ValueObject-Patterns/08-Architecture-Test/">
    <Project Path="Books/Implementing-Functional-ValueObject/Part3-ValueObject-Patterns/08-Architecture-Test/ArchitectureTest/ArchitectureTest.csproj" />
  </Folder>
  <Folder Name="/Books/Implementing-Functional-ValueObject/Part4-Practical-Guide/" />
  <Folder Name="/Books/Implementing-Functional-ValueObject/Part4-Practical-Guide/01-Functorium-Framework/">
    <Project Path="Books/Implementing-Functional-ValueObject/Part4-Practical-Guide/01-Functorium-Framework/FunctoriumFramework.Tests.Unit/FunctoriumFramework.Tests.Unit.csproj" />
    <Project Path="Books/Implementing-Functional-ValueObject/Part4-Practical-Guide/01-Functorium-Framework/FunctoriumFramework/FunctoriumFramework.csproj" />
  </Folder>
  <Folder Name="/Books/Implementing-Functional-ValueObject/Part4-Practical-Guide/02-ORM-Integration/">
    <Project Path="Books/Implementing-Functional-ValueObject/Part4-Practical-Guide/02-ORM-Integration/OrmIntegration.Tests.Unit/OrmIntegration.Tests.Unit.csproj" />
    <Project Path="Books/Implementing-Functional-ValueObject/Part4-Practical-Guide/02-ORM-Integration/OrmIntegration/OrmIntegration.csproj" />
  </Folder>
  <Folder Name="/Books/Implementing-Functional-ValueObject/Part4-Practical-Guide/03-CQRS-Integration/">
    <Project Path="Books/Implementing-Functional-ValueObject/Part4-Practical-Guide/03-CQRS-Integration/CqrsIntegration.Tests.Unit/CqrsIntegration.Tests.Unit.csproj" />
    <Project Path="Books/Implementing-Functional-ValueObject/Part4-Practical-Guide/03-CQRS-Integration/CqrsIntegration/CqrsIntegration.csproj" />
  </Folder>
  <Folder Name="/Books/Implementing-Functional-ValueObject/Part4-Practical-Guide/04-Testing-Strategies/">
    <Project Path="Books/Implementing-Functional-ValueObject/Part4-Practical-Guide/04-Testing-Strategies/TestingStrategies.Tests.Unit/TestingStrategies.Tests.Unit.csproj" />
    <Project Path="Books/Implementing-Functional-ValueObject/Part4-Practical-Guide/04-Testing-Strategies/TestingStrategies/TestingStrategies.csproj" />
  </Folder>
  <Folder Name="/Books/Implementing-Functional-ValueObject/Part5-Domain-Examples/" />
  <Folder Name="/Books/Implementing-Functional-ValueObject/Part5-Domain-Examples/01-Ecommerce-Domain/">
    <Project Path="Books/Implementing-Functional-ValueObject/Part5-Domain-Examples/01-Ecommerce-Domain/EcommerceDomain/EcommerceDomain.csproj" />
    <Project Path="Books/Implementing-Functional-ValueObject/Part5-Domain-Examples/01-Ecommerce-Domain/EcommerceDomain.Tests.Unit/EcommerceDomain.Tests.Unit.csproj" />
  </Folder>
  <Folder Name="/Books/Implementing-Functional-ValueObject/Part5-Domain-Examples/02-Finance-Domain/">
    <Project Path="Books/Implementing-Functional-ValueObject/Part5-Domain-Examples/02-Finance-Domain/FinanceDomain.Tests.Unit/FinanceDomain.Tests.Unit.csproj" />
    <Project Path="Books/Implementing-Functional-ValueObject/Part5-Domain-Examples/02-Finance-Domain/FinanceDomain/FinanceDomain.csproj" />
  </Folder>
  <Folder Name="/Books/Implementing-Functional-ValueObject/Part5-Domain-Examples/03-User-Management-Domain/">
    <Project Path="Books/Implementing-Functional-ValueObject/Part5-Domain-Examples/03-User-Management-Domain/UserManagementDomain.Tests.Unit/UserManagementDomain.Tests.Unit.csproj" />
    <Project Path="Books/Implementing-Functional-ValueObject/Part5-Domain-Examples/03-User-Management-Domain/UserManagementDomain/UserManagementDomain.csproj" />
  </Folder>
  <Folder Name="/Books/Implementing-Functional-ValueObject/Part5-Domain-Examples/04-Scheduling-Domain/">
    <Project Path="Books/Implementing-Functional-ValueObject/Part5-Domain-Examples/04-Scheduling-Domain/SchedulingDomain.Tests.Unit/SchedulingDomain.Tests.Unit.csproj" />
    <Project Path="Books/Implementing-Functional-ValueObject/Part5-Domain-Examples/04-Scheduling-Domain/SchedulingDomain/SchedulingDomain.csproj" />
  </Folder>
  <Folder Name="/Books/Implementing-Specification-Pattern/" />
  <Folder Name="/Books/Implementing-Specification-Pattern/Part1-Specification-Basics/" />
  <Folder Name="/Books/Implementing-Specification-Pattern/Part1-Specification-Basics/01-First-Specification/">
    <Project Path="Books/Implementing-Specification-Pattern/Part1-Specification-Basics/01-First-Specification/FirstSpecification/FirstSpecification.csproj" />
    <Project Path="Books/Implementing-Specification-Pattern/Part1-Specification-Basics/01-First-Specification/FirstSpecification.Tests.Unit/FirstSpecification.Tests.Unit.csproj" />
  </Folder>
  <Folder Name="/Books/Implementing-Specification-Pattern/Part1-Specification-Basics/02-Composition/">
    <Project Path="Books/Implementing-Specification-Pattern/Part1-Specification-Basics/02-Composition/Composition/Composition.csproj" />
    <Project Path="Books/Implementing-Specification-Pattern/Part1-Specification-Basics/02-Composition/Composition.Tests.Unit/Composition.Tests.Unit.csproj" />
  </Folder>
  <Folder Name="/Books/Implementing-Specification-Pattern/Part1-Specification-Basics/03-Operators/">
    <Project Path="Books/Implementing-Specification-Pattern/Part1-Specification-Basics/03-Operators/Operators/Operators.csproj" />
    <Project Path="Books/Implementing-Specification-Pattern/Part1-Specification-Basics/03-Operators/Operators.Tests.Unit/Operators.Tests.Unit.csproj" />
  </Folder>
  <Folder Name="/Books/Implementing-Specification-Pattern/Part1-Specification-Basics/04-All-Identity/">
    <Project Path="Books/Implementing-Specification-Pattern/Part1-Specification-Basics/04-All-Identity/AllIdentity/AllIdentity.csproj" />
    <Project Path="Books/Implementing-Specification-Pattern/Part1-Specification-Basics/04-All-Identity/AllIdentity.Tests.Unit/AllIdentity.Tests.Unit.csproj" />
  </Folder>
  <Folder Name="/Books/Implementing-Specification-Pattern/Part2-Expression-Specification/" />
  <Folder Name="/Books/Implementing-Specification-Pattern/Part2-Expression-Specification/01-Expression-Introduction/">
    <Project Path="Books/Implementing-Specification-Pattern/Part2-Expression-Specification/01-Expression-Introduction/ExpressionIntro/ExpressionIntro.csproj" />
    <Project Path="Books/Implementing-Specification-Pattern/Part2-Expression-Specification/01-Expression-Introduction/ExpressionIntro.Tests.Unit/ExpressionIntro.Tests.Unit.csproj" />
  </Folder>
  <Folder Name="/Books/Implementing-Specification-Pattern/Part2-Expression-Specification/02-ExpressionSpecification-Class/">
    <Project Path="Books/Implementing-Specification-Pattern/Part2-Expression-Specification/02-ExpressionSpecification-Class/ExpressionSpec/ExpressionSpec.csproj" />
    <Project Path="Books/Implementing-Specification-Pattern/Part2-Expression-Specification/02-ExpressionSpecification-Class/ExpressionSpec.Tests.Unit/ExpressionSpec.Tests.Unit.csproj" />
  </Folder>
  <Folder Name="/Books/Implementing-Specification-Pattern/Part2-Expression-Specification/03-ValueObject-Primitive-Conversion/">
    <Project Path="Books/Implementing-Specification-Pattern/Part2-Expression-Specification/03-ValueObject-Primitive-Conversion/ValueObjectConversion/ValueObjectConversion.csproj" />
    <Project Path="Books/Implementing-Specification-Pattern/Part2-Expression-Specification/03-ValueObject-Primitive-Conversion/ValueObjectConversion.Tests.Unit/ValueObjectConversion.Tests.Unit.csproj" />
  </Folder>
  <Folder Name="/Books/Implementing-Specification-Pattern/Part2-Expression-Specification/04-Expression-Resolver/">
    <Project Path="Books/Implementing-Specification-Pattern/Part2-Expression-Specification/04-Expression-Resolver/ExpressionResolver/ExpressionResolver.csproj" />
    <Project Path="Books/Implementing-Specification-Pattern/Part2-Expression-Specification/04-Expression-Resolver/ExpressionResolver.Tests.Unit/ExpressionResolver.Tests.Unit.csproj" />
  </Folder>
  <Folder Name="/Books/Implementing-Specification-Pattern/Part3-Repository-Integration/" />
  <Folder Name="/Books/Implementing-Specification-Pattern/Part3-Repository-Integration/01-Repository-With-Specification/">
    <Project Path="Books/Implementing-Specification-Pattern/Part3-Repository-Integration/01-Repository-With-Specification/RepositorySpec/RepositorySpec.csproj" />
    <Project Path="Books/Implementing-Specification-Pattern/Part3-Repository-Integration/01-Repository-With-Specification/RepositorySpec.Tests.Unit/RepositorySpec.Tests.Unit.csproj" />
  </Folder>
  <Folder Name="/Books/Implementing-Specification-Pattern/Part3-Repository-Integration/02-InMemory-Implementation/">
    <Project Path="Books/Implementing-Specification-Pattern/Part3-Repository-Integration/02-InMemory-Implementation/InMemoryImpl/InMemoryImpl.csproj" />
    <Project Path="Books/Implementing-Specification-Pattern/Part3-Repository-Integration/02-InMemory-Implementation/InMemoryImpl.Tests.Unit/InMemoryImpl.Tests.Unit.csproj" />
  </Folder>
  <Folder Name="/Books/Implementing-Specification-Pattern/Part3-Repository-Integration/03-PropertyMap/">
    <Project Path="Books/Implementing-Specification-Pattern/Part3-Repository-Integration/03-PropertyMap/PropertyMapDemo/PropertyMapDemo.csproj" />
    <Project Path="Books/Implementing-Specification-Pattern/Part3-Repository-Integration/03-PropertyMap/PropertyMapDemo.Tests.Unit/PropertyMapDemo.Tests.Unit.csproj" />
  </Folder>
  <Folder Name="/Books/Implementing-Specification-Pattern/Part3-Repository-Integration/04-EfCore-Implementation/">
    <Project Path="Books/Implementing-Specification-Pattern/Part3-Repository-Integration/04-EfCore-Implementation/EfCoreImpl/EfCoreImpl.csproj" />
    <Project Path="Books/Implementing-Specification-Pattern/Part3-Repository-Integration/04-EfCore-Implementation/EfCoreImpl.Tests.Unit/EfCoreImpl.Tests.Unit.csproj" />
  </Folder>
  <Folder Name="/Books/Implementing-Specification-Pattern/Part4-Real-World-Patterns/" />
  <Folder Name="/Books/Implementing-Specification-Pattern/Part4-Real-World-Patterns/01-Usecase-Patterns/">
    <Project Path="Books/Implementing-Specification-Pattern/Part4-Real-World-Patterns/01-Usecase-Patterns/UsecasePatterns/UsecasePatterns.csproj" />
    <Project Path="Books/Implementing-Specification-Pattern/Part4-Real-World-Patterns/01-Usecase-Patterns/UsecasePatterns.Tests.Unit/UsecasePatterns.Tests.Unit.csproj" />
  </Folder>
  <Folder Name="/Books/Implementing-Specification-Pattern/Part4-Real-World-Patterns/02-Dynamic-Filter-Builder/">
    <Project Path="Books/Implementing-Specification-Pattern/Part4-Real-World-Patterns/02-Dynamic-Filter-Builder/DynamicFilter/DynamicFilter.csproj" />
    <Project Path="Books/Implementing-Specification-Pattern/Part4-Real-World-Patterns/02-Dynamic-Filter-Builder/DynamicFilter.Tests.Unit/DynamicFilter.Tests.Unit.csproj" />
  </Folder>
  <Folder Name="/Books/Implementing-Specification-Pattern/Part4-Real-World-Patterns/03-Testing-Strategies/">
    <Project Path="Books/Implementing-Specification-Pattern/Part4-Real-World-Patterns/03-Testing-Strategies/TestingStrategies/TestingStrategies.csproj" />
    <Project Path="Books/Implementing-Specification-Pattern/Part4-Real-World-Patterns/03-Testing-Strategies/TestingStrategies.Tests.Unit/TestingStrategies.Tests.Unit.csproj" />
  </Folder>
  <Folder Name="/Books/Implementing-Specification-Pattern/Part4-Real-World-Patterns/04-Architecture-Rules/">
    <Project Path="Books/Implementing-Specification-Pattern/Part4-Real-World-Patterns/04-Architecture-Rules/ArchitectureRules/ArchitectureRules.csproj" />
    <Project Path="Books/Implementing-Specification-Pattern/Part4-Real-World-Patterns/04-Architecture-Rules/ArchitectureRules.Tests.Unit/ArchitectureRules.Tests.Unit.csproj" />
  </Folder>
  <Folder Name="/Books/Implementing-Specification-Pattern/Part5-Domain-Examples/" />
  <Folder Name="/Books/Implementing-Specification-Pattern/Part5-Domain-Examples/01-Ecommerce-Product-Filtering/">
    <Project Path="Books/Implementing-Specification-Pattern/Part5-Domain-Examples/01-Ecommerce-Product-Filtering/EcommerceFiltering/EcommerceFiltering.csproj" />
    <Project Path="Books/Implementing-Specification-Pattern/Part5-Domain-Examples/01-Ecommerce-Product-Filtering/EcommerceFiltering.Tests.Unit/EcommerceFiltering.Tests.Unit.csproj" />
  </Folder>
  <Folder Name="/Books/Implementing-Specification-Pattern/Part5-Domain-Examples/02-Customer-Management/">
    <Project Path="Books/Implementing-Specification-Pattern/Part5-Domain-Examples/02-Customer-Management/CustomerManagement/CustomerManagement.csproj" />
    <Project Path="Books/Implementing-Specification-Pattern/Part5-Domain-Examples/02-Customer-Management/CustomerManagement.Tests.Unit/CustomerManagement.Tests.Unit.csproj" />
  </Folder>
</Solution>
