<Solution>
  <Folder Name="/Benchmarks/">
    <Project Path="TypedValidation.Benchmarks/TypedValidation.Benchmarks.csproj" />
    <Project Path="BulkCrud.Benchmarks/BulkCrud.Benchmarks.csproj" />
    <Project Path="BulkCrud.Benchmarks.Runner/BulkCrud.Benchmarks.Runner.csproj" />
  </Folder>
</Solution>
