<Solution>
  <Folder Name="/Part1-Specification-Basics/" />
  <Folder Name="/Part1-Specification-Basics/01-First-Specification/">
    <Project Path="Part1-Specification-Basics/01-First-Specification/FirstSpecification.Tests.Unit/FirstSpecification.Tests.Unit.csproj" />
    <Project Path="Part1-Specification-Basics/01-First-Specification/FirstSpecification/FirstSpecification.csproj" />
  </Folder>
  <Folder Name="/Part1-Specification-Basics/02-Composition/">
    <Project Path="Part1-Specification-Basics/02-Composition/Composition.Tests.Unit/Composition.Tests.Unit.csproj" />
    <Project Path="Part1-Specification-Basics/02-Composition/Composition/Composition.csproj" />
  </Folder>
  <Folder Name="/Part1-Specification-Basics/03-Operators/">
    <Project Path="Part1-Specification-Basics/03-Operators/Operators.Tests.Unit/Operators.Tests.Unit.csproj" />
    <Project Path="Part1-Specification-Basics/03-Operators/Operators/Operators.csproj" />
  </Folder>
  <Folder Name="/Part1-Specification-Basics/04-All-Identity/">
    <Project Path="Part1-Specification-Basics/04-All-Identity/AllIdentity.Tests.Unit/AllIdentity.Tests.Unit.csproj" />
    <Project Path="Part1-Specification-Basics/04-All-Identity/AllIdentity/AllIdentity.csproj" />
  </Folder>
  <Folder Name="/Part2-Expression-Specification/" />
  <Folder Name="/Part2-Expression-Specification/01-Expression-Introduction/">
    <Project Path="Part2-Expression-Specification/01-Expression-Introduction/ExpressionIntro.Tests.Unit/ExpressionIntro.Tests.Unit.csproj" />
    <Project Path="Part2-Expression-Specification/01-Expression-Introduction/ExpressionIntro/ExpressionIntro.csproj" />
  </Folder>
  <Folder Name="/Part2-Expression-Specification/02-ExpressionSpecification-Class/">
    <Project Path="Part2-Expression-Specification/02-ExpressionSpecification-Class/ExpressionSpec.Tests.Unit/ExpressionSpec.Tests.Unit.csproj" />
    <Project Path="Part2-Expression-Specification/02-ExpressionSpecification-Class/ExpressionSpec/ExpressionSpec.csproj" />
  </Folder>
  <Folder Name="/Part2-Expression-Specification/03-ValueObject-Primitive-Conversion/">
    <Project Path="Part2-Expression-Specification/03-ValueObject-Primitive-Conversion/ValueObjectConversion.Tests.Unit/ValueObjectConversion.Tests.Unit.csproj" />
    <Project Path="Part2-Expression-Specification/03-ValueObject-Primitive-Conversion/ValueObjectConversion/ValueObjectConversion.csproj" />
  </Folder>
  <Folder Name="/Part2-Expression-Specification/04-Expression-Resolver/">
    <Project Path="Part2-Expression-Specification/04-Expression-Resolver/ExpressionResolver.Tests.Unit/ExpressionResolver.Tests.Unit.csproj" />
    <Project Path="Part2-Expression-Specification/04-Expression-Resolver/ExpressionResolver/ExpressionResolver.csproj" />
  </Folder>
  <Folder Name="/Part3-Repository-Integration/" />
  <Folder Name="/Part3-Repository-Integration/01-Repository-With-Specification/">
    <Project Path="Part3-Repository-Integration/01-Repository-With-Specification/RepositorySpec.Tests.Unit/RepositorySpec.Tests.Unit.csproj" />
    <Project Path="Part3-Repository-Integration/01-Repository-With-Specification/RepositorySpec/RepositorySpec.csproj" />
  </Folder>
  <Folder Name="/Part3-Repository-Integration/02-InMemory-Implementation/">
    <Project Path="Part3-Repository-Integration/02-InMemory-Implementation/InMemoryImpl.Tests.Unit/InMemoryImpl.Tests.Unit.csproj" />
    <Project Path="Part3-Repository-Integration/02-InMemory-Implementation/InMemoryImpl/InMemoryImpl.csproj" />
  </Folder>
  <Folder Name="/Part3-Repository-Integration/03-PropertyMap/">
    <Project Path="Part3-Repository-Integration/03-PropertyMap/PropertyMapDemo.Tests.Unit/PropertyMapDemo.Tests.Unit.csproj" />
    <Project Path="Part3-Repository-Integration/03-PropertyMap/PropertyMapDemo/PropertyMapDemo.csproj" />
  </Folder>
  <Folder Name="/Part3-Repository-Integration/04-EfCore-Implementation/">
    <Project Path="Part3-Repository-Integration/04-EfCore-Implementation/EfCoreImpl.Tests.Unit/EfCoreImpl.Tests.Unit.csproj" />
    <Project Path="Part3-Repository-Integration/04-EfCore-Implementation/EfCoreImpl/EfCoreImpl.csproj" />
  </Folder>
  <Folder Name="/Part4-Real-World-Patterns/" />
  <Folder Name="/Part4-Real-World-Patterns/01-Usecase-Patterns/">
    <Project Path="Part4-Real-World-Patterns/01-Usecase-Patterns/UsecasePatterns.Tests.Unit/UsecasePatterns.Tests.Unit.csproj" />
    <Project Path="Part4-Real-World-Patterns/01-Usecase-Patterns/UsecasePatterns/UsecasePatterns.csproj" />
  </Folder>
  <Folder Name="/Part4-Real-World-Patterns/02-Dynamic-Filter-Builder/">
    <Project Path="Part4-Real-World-Patterns/02-Dynamic-Filter-Builder/DynamicFilter.Tests.Unit/DynamicFilter.Tests.Unit.csproj" />
    <Project Path="Part4-Real-World-Patterns/02-Dynamic-Filter-Builder/DynamicFilter/DynamicFilter.csproj" />
  </Folder>
  <Folder Name="/Part4-Real-World-Patterns/03-Testing-Strategies/">
    <Project Path="Part4-Real-World-Patterns/03-Testing-Strategies/TestingStrategies.Tests.Unit/TestingStrategies.Tests.Unit.csproj" />
    <Project Path="Part4-Real-World-Patterns/03-Testing-Strategies/TestingStrategies/TestingStrategies.csproj" />
  </Folder>
  <Folder Name="/Part4-Real-World-Patterns/04-Architecture-Rules/">
    <Project Path="Part4-Real-World-Patterns/04-Architecture-Rules/ArchitectureRules.Tests.Unit/ArchitectureRules.Tests.Unit.csproj" />
    <Project Path="Part4-Real-World-Patterns/04-Architecture-Rules/ArchitectureRules/ArchitectureRules.csproj" />
  </Folder>
  <Folder Name="/Part5-Domain-Examples/" />
  <Folder Name="/Part5-Domain-Examples/01-Ecommerce-Product-Filtering/">
    <Project Path="Part5-Domain-Examples/01-Ecommerce-Product-Filtering/EcommerceFiltering.Tests.Unit/EcommerceFiltering.Tests.Unit.csproj" />
    <Project Path="Part5-Domain-Examples/01-Ecommerce-Product-Filtering/EcommerceFiltering/EcommerceFiltering.csproj" />
  </Folder>
  <Folder Name="/Part5-Domain-Examples/02-Customer-Management/">
    <Project Path="Part5-Domain-Examples/02-Customer-Management/CustomerManagement.Tests.Unit/CustomerManagement.Tests.Unit.csproj" />
    <Project Path="Part5-Domain-Examples/02-Customer-Management/CustomerManagement/CustomerManagement.csproj" />
  </Folder>
</Solution>
