<Solution>
  <Folder Name="/Part1-Semantic-Types/" />
  <Folder Name="/Part1-Semantic-Types/01-Naive-Contact/">
    <Project Path="Part1-Semantic-Types/01-Naive-Contact/NaiveContact.Tests.Unit/NaiveContact.Tests.Unit.csproj" />
    <Project Path="Part1-Semantic-Types/01-Naive-Contact/NaiveContact/NaiveContact.csproj" />
  </Folder>
  <Folder Name="/Part1-Semantic-Types/02-Wrapped-Primitives/">
    <Project Path="Part1-Semantic-Types/02-Wrapped-Primitives/WrappedPrimitives.Tests.Unit/WrappedPrimitives.Tests.Unit.csproj" />
    <Project Path="Part1-Semantic-Types/02-Wrapped-Primitives/WrappedPrimitives/WrappedPrimitives.csproj" />
  </Folder>
  <Folder Name="/Part1-Semantic-Types/03-Constrained-Types/">
    <Project Path="Part1-Semantic-Types/03-Constrained-Types/ConstrainedTypes.Tests.Unit/ConstrainedTypes.Tests.Unit.csproj" />
    <Project Path="Part1-Semantic-Types/03-Constrained-Types/ConstrainedTypes/ConstrainedTypes.csproj" />
  </Folder>
  <Folder Name="/Part1-Semantic-Types/04-Composite-Types/">
    <Project Path="Part1-Semantic-Types/04-Composite-Types/CompositeTypes.Tests.Unit/CompositeTypes.Tests.Unit.csproj" />
    <Project Path="Part1-Semantic-Types/04-Composite-Types/CompositeTypes/CompositeTypes.csproj" />
  </Folder>
  <Folder Name="/Part2-Making-Illegal-States-Unrepresentable/" />
  <Folder Name="/Part2-Making-Illegal-States-Unrepresentable/01-Boolean-Blindness/">
    <Project Path="Part2-Making-Illegal-States-Unrepresentable/01-Boolean-Blindness/BooleanBlindness.Tests.Unit/BooleanBlindness.Tests.Unit.csproj" />
    <Project Path="Part2-Making-Illegal-States-Unrepresentable/01-Boolean-Blindness/BooleanBlindness/BooleanBlindness.csproj" />
  </Folder>
  <Folder Name="/Part2-Making-Illegal-States-Unrepresentable/02-Union-Types/">
    <Project Path="Part2-Making-Illegal-States-Unrepresentable/02-Union-Types/UnionTypes.Tests.Unit/UnionTypes.Tests.Unit.csproj" />
    <Project Path="Part2-Making-Illegal-States-Unrepresentable/02-Union-Types/UnionTypes/UnionTypes.csproj" />
  </Folder>
  <Folder Name="/Part2-Making-Illegal-States-Unrepresentable/03-Domain-Discovery/">
    <Project Path="Part2-Making-Illegal-States-Unrepresentable/03-Domain-Discovery/DomainDiscovery.Tests.Unit/DomainDiscovery.Tests.Unit.csproj" />
    <Project Path="Part2-Making-Illegal-States-Unrepresentable/03-Domain-Discovery/DomainDiscovery/DomainDiscovery.csproj" />
  </Folder>
  <Folder Name="/Part2-Making-Illegal-States-Unrepresentable/04-Verified-Contact/">
    <Project Path="Part2-Making-Illegal-States-Unrepresentable/04-Verified-Contact/VerifiedContact.Tests.Unit/VerifiedContact.Tests.Unit.csproj" />
    <Project Path="Part2-Making-Illegal-States-Unrepresentable/04-Verified-Contact/VerifiedContact/VerifiedContact.csproj" />
  </Folder>
  <Folder Name="/Part3-State-Machines/" />
  <Folder Name="/Part3-State-Machines/01-State-As-Enum/">
    <Project Path="Part3-State-Machines/01-State-As-Enum/StateAsEnum.Tests.Unit/StateAsEnum.Tests.Unit.csproj" />
    <Project Path="Part3-State-Machines/01-State-As-Enum/StateAsEnum/StateAsEnum.csproj" />
  </Folder>
  <Folder Name="/Part3-State-Machines/02-State-As-Union/">
    <Project Path="Part3-State-Machines/02-State-As-Union/StateAsUnion.Tests.Unit/StateAsUnion.Tests.Unit.csproj" />
    <Project Path="Part3-State-Machines/02-State-As-Union/StateAsUnion/StateAsUnion.csproj" />
  </Folder>
  <Folder Name="/Part3-State-Machines/03-State-Transitions/">
    <Project Path="Part3-State-Machines/03-State-Transitions/StateTransitions.Tests.Unit/StateTransitions.Tests.Unit.csproj" />
    <Project Path="Part3-State-Machines/03-State-Transitions/StateTransitions/StateTransitions.csproj" />
  </Folder>
  <Folder Name="/Part3-State-Machines/04-Shopping-Cart-Lifecycle/">
    <Project Path="Part3-State-Machines/04-Shopping-Cart-Lifecycle/ShoppingCartLifecycle.Tests.Unit/ShoppingCartLifecycle.Tests.Unit.csproj" />
    <Project Path="Part3-State-Machines/04-Shopping-Cart-Lifecycle/ShoppingCartLifecycle/ShoppingCartLifecycle.csproj" />
  </Folder>
  <Folder Name="/Part4-Conclusion/" />
  <Folder Name="/Part4-Conclusion/03-Final-Contact/">
    <Project Path="Part4-Conclusion/03-Final-Contact/FinalContact.Tests.Unit/FinalContact.Tests.Unit.csproj" />
    <Project Path="Part4-Conclusion/03-Final-Contact/FinalContact/FinalContact.csproj" />
  </Folder>
  <Folder Name="/Part4-Conclusion/04-DDD-Contact/">
    <Project Path="Part4-Conclusion/04-DDD-Contact/DDDContact.Tests.Unit/DDDContact.Tests.Unit.csproj" />
    <Project Path="Part4-Conclusion/04-DDD-Contact/DDDContact/DDDContact.csproj" />
  </Folder>
  <Folder Name="/Part4-Conclusion/05-DDD-Contact-Ext/">
    <Project Path="Part4-Conclusion/05-DDD-Contact-Ext/DDDContactExt.Tests.Unit/DDDContactExt.Tests.Unit.csproj" />
    <Project Path="Part4-Conclusion/05-DDD-Contact-Ext/DDDContactExt/DDDContactExt.csproj" />
  </Folder>
</Solution>
