<Solution>
  <Folder Name="/Part0-Introduction/" />
  <Folder Name="/Part0-Introduction/02-hello-world-generator/">
    <Project Path="Part0-Introduction/02-hello-world-generator/HelloWorldGenerator.Generator/HelloWorldGenerator.Generator.csproj" />
    <Project Path="Part0-Introduction/02-hello-world-generator/HelloWorldGenerator.Usage/HelloWorldGenerator.Usage.csproj" />
  </Folder>
  <Folder Name="/Part0-Introduction/04-reflection-vs-sourcegen/">
    <Project Path="Part0-Introduction/04-reflection-vs-sourcegen/ReflectionVsSourceGen/ReflectionVsSourceGen.csproj" />
  </Folder>
  <Folder Name="/Part1-Fundamentals/" />
  <Folder Name="/Part1-Fundamentals/02-Data-Models/">
    <Project Path="Part1-Fundamentals/02-Data-Models/DataModels/DataModels.csproj" />
  </Folder>
  <Folder Name="/Part1-Fundamentals/03-Debugging-Setup/">
    <Project Path="Part1-Fundamentals/03-Debugging-Setup/DebuggingSetup.Generator/DebuggingSetup.Generator.csproj" />
    <Project Path="Part1-Fundamentals/03-Debugging-Setup/DebuggingSetup.Usage/DebuggingSetup.Usage.csproj" />
  </Folder>
  <Folder Name="/Part1-Fundamentals/04-Roslyn-Architecture/">
    <Project Path="Part1-Fundamentals/04-Roslyn-Architecture/RoslynArchitecture/RoslynArchitecture.csproj" />
  </Folder>
  <Folder Name="/Part1-Fundamentals/05-Syntax-Api/">
    <Project Path="Part1-Fundamentals/05-Syntax-Api/SyntaxApi/SyntaxApi.csproj" />
  </Folder>
  <Folder Name="/Part1-Fundamentals/06-Semantic-Api/">
    <Project Path="Part1-Fundamentals/06-Semantic-Api/SemanticApi/SemanticApi.csproj" />
  </Folder>
  <Folder Name="/Part1-Fundamentals/07-Symbol-Types/">
    <Project Path="Part1-Fundamentals/07-Symbol-Types/SymbolTypes/SymbolTypes.csproj" />
  </Folder>
  <Folder Name="/Part2-Core-Concepts/" />
  <Folder Name="/Part2-Core-Concepts/01-IIncrementalGenerator/">
    <Project Path="Part2-Core-Concepts/01-IIncrementalGenerator/IncrementalGenerator.Generator/IncrementalGenerator.Generator.csproj" />
    <Project Path="Part2-Core-Concepts/01-IIncrementalGenerator/IncrementalGenerator.Usage/IncrementalGenerator.Usage.csproj" />
  </Folder>
  <Folder Name="/Part2-Core-Concepts/02-Provider-Pattern/">
    <Project Path="Part2-Core-Concepts/02-Provider-Pattern/ProviderPattern.Generator/ProviderPattern.Generator.csproj" />
    <Project Path="Part2-Core-Concepts/02-Provider-Pattern/ProviderPattern.Usage/ProviderPattern.Usage.csproj" />
  </Folder>
  <Folder Name="/Part2-Core-Concepts/03-ForAttribute/">
    <Project Path="Part2-Core-Concepts/03-ForAttribute/ForAttribute.Generator/ForAttribute.Generator.csproj" />
    <Project Path="Part2-Core-Concepts/03-ForAttribute/ForAttribute.Usage/ForAttribute.Usage.csproj" />
  </Folder>
  <Folder Name="/Part2-Core-Concepts/04-Incremental-Caching/">
    <Project Path="Part2-Core-Concepts/04-Incremental-Caching/IncrementalCaching.Generator/IncrementalCaching.Generator.csproj" />
    <Project Path="Part2-Core-Concepts/04-Incremental-Caching/IncrementalCaching.Usage/IncrementalCaching.Usage.csproj" />
  </Folder>
  <Folder Name="/Part2-Core-Concepts/05-INamedTypeSymbol/">
    <Project Path="Part2-Core-Concepts/05-INamedTypeSymbol/NamedTypeSymbol/NamedTypeSymbol.csproj" />
  </Folder>
  <Folder Name="/Part2-Core-Concepts/06-IMethodSymbol/">
    <Project Path="Part2-Core-Concepts/06-IMethodSymbol/MethodSymbol/MethodSymbol.csproj" />
  </Folder>
  <Folder Name="/Part2-Core-Concepts/07-SymbolDisplayFormat/">
    <Project Path="Part2-Core-Concepts/07-SymbolDisplayFormat/SymbolDisplayFormat/SymbolDisplayFormat.csproj" />
  </Folder>
  <Folder Name="/Part2-Core-Concepts/08-Type-Extraction/">
    <Project Path="Part2-Core-Concepts/08-Type-Extraction/TypeExtraction/TypeExtraction.csproj" />
  </Folder>
  <Folder Name="/Part2-Core-Concepts/09-StringBuilder-Pattern/">
    <Project Path="Part2-Core-Concepts/09-StringBuilder-Pattern/StringBuilderPattern/StringBuilderPattern.csproj" />
  </Folder>
  <Folder Name="/Part2-Core-Concepts/10-Template-Design/">
    <Project Path="Part2-Core-Concepts/10-Template-Design/TemplateDesign.Generator/TemplateDesign.Generator.csproj" />
    <Project Path="Part2-Core-Concepts/10-Template-Design/TemplateDesign.Usage/TemplateDesign.Usage.csproj" />
  </Folder>
  <Folder Name="/Part2-Core-Concepts/11-Namespace-Handling/">
    <Project Path="Part2-Core-Concepts/11-Namespace-Handling/NamespaceHandling.Generator/NamespaceHandling.Generator.csproj" />
    <Project Path="Part2-Core-Concepts/11-Namespace-Handling/NamespaceHandling.Usage/NamespaceHandling.Usage.csproj" />
  </Folder>
  <Folder Name="/Part2-Core-Concepts/12-Deterministic-Output/">
    <Project Path="Part2-Core-Concepts/12-Deterministic-Output/DeterministicOutput.Generator/DeterministicOutput.Generator.csproj" />
    <Project Path="Part2-Core-Concepts/12-Deterministic-Output/DeterministicOutput.Usage/DeterministicOutput.Usage.csproj" />
  </Folder>
  <Folder Name="/Part3-Advanced/" />
  <Folder Name="/Part3-Advanced/01-Constructor-Handling/">
    <Project Path="Part3-Advanced/01-Constructor-Handling/ConstructorHandling.Generator/ConstructorHandling.Generator.csproj" />
    <Project Path="Part3-Advanced/01-Constructor-Handling/ConstructorHandling.Usage/ConstructorHandling.Usage.csproj" />
  </Folder>
  <Folder Name="/Part3-Advanced/02-Generic-Types/">
    <Project Path="Part3-Advanced/02-Generic-Types/GenericTypes.Generator/GenericTypes.Generator.csproj" />
    <Project Path="Part3-Advanced/02-Generic-Types/GenericTypes.Usage/GenericTypes.Usage.csproj" />
  </Folder>
  <Folder Name="/Part3-Advanced/03-Collection-Types/">
    <Project Path="Part3-Advanced/03-Collection-Types/CollectionTypes/CollectionTypes.csproj" />
  </Folder>
  <Folder Name="/Part3-Advanced/04-LoggerMessage-Limits/">
    <Project Path="Part3-Advanced/04-LoggerMessage-Limits/LoggerMessageLimits.Generator/LoggerMessageLimits.Generator.csproj" />
    <Project Path="Part3-Advanced/04-LoggerMessage-Limits/LoggerMessageLimits.Usage/LoggerMessageLimits.Usage.csproj" />
  </Folder>
  <Folder Name="/Part3-Advanced/05-Unit-Testing-Setup/">
    <Project Path="Part3-Advanced/05-Unit-Testing-Setup/UnitTestingSetup.Generator/UnitTestingSetup.Generator.csproj" />
    <Project Path="Part3-Advanced/05-Unit-Testing-Setup/UnitTestingSetup.Usage/UnitTestingSetup.Usage.csproj" />
  </Folder>
  <Folder Name="/Part3-Advanced/06-Verify-Snapshot-Testing/">
    <Project Path="Part3-Advanced/06-Verify-Snapshot-Testing/VerifySnapshotTesting.Generator/VerifySnapshotTesting.Generator.csproj" />
    <Project Path="Part3-Advanced/06-Verify-Snapshot-Testing/VerifySnapshotTesting.Usage/VerifySnapshotTesting.Usage.csproj" />
  </Folder>
  <Folder Name="/Part3-Advanced/07-Test-Scenarios/">
    <Project Path="Part3-Advanced/07-Test-Scenarios/TestScenarios.Generator/TestScenarios.Generator.csproj" />
    <Project Path="Part3-Advanced/07-Test-Scenarios/TestScenarios.Usage/TestScenarios.Usage.csproj" />
  </Folder>
  <Folder Name="/Part4-Cookbook/" />
  <Folder Name="/Part4-Cookbook/01-Development-Workflow/">
    <Project Path="Part4-Cookbook/01-Development-Workflow/DevelopmentWorkflow.Generator/DevelopmentWorkflow.Generator.csproj" />
    <Project Path="Part4-Cookbook/01-Development-Workflow/DevelopmentWorkflow.Tests.Unit/DevelopmentWorkflow.Tests.Unit.csproj" />
    <Project Path="Part4-Cookbook/01-Development-Workflow/DevelopmentWorkflow.Usage/DevelopmentWorkflow.Usage.csproj" />
  </Folder>
  <Folder Name="/Part4-Cookbook/02-Entity-Id-Generator/">
    <Project Path="Part4-Cookbook/02-Entity-Id-Generator/EntityIdGenerator.Generator/EntityIdGenerator.Generator.csproj" />
    <Project Path="Part4-Cookbook/02-Entity-Id-Generator/EntityIdGenerator.Tests.Unit/EntityIdGenerator.Tests.Unit.csproj" />
    <Project Path="Part4-Cookbook/02-Entity-Id-Generator/EntityIdGenerator.Usage/EntityIdGenerator.Usage.csproj" />
  </Folder>
  <Folder Name="/Part4-Cookbook/03-EfCore-Value-Converter/">
    <Project Path="Part4-Cookbook/03-EfCore-Value-Converter/EfCoreValueConverter.Generator/EfCoreValueConverter.Generator.csproj" />
    <Project Path="Part4-Cookbook/03-EfCore-Value-Converter/EfCoreValueConverter.Tests.Unit/EfCoreValueConverter.Tests.Unit.csproj" />
    <Project Path="Part4-Cookbook/03-EfCore-Value-Converter/EfCoreValueConverter.Usage/EfCoreValueConverter.Usage.csproj" />
  </Folder>
  <Folder Name="/Part4-Cookbook/04-Validation-Generator/">
    <Project Path="Part4-Cookbook/04-Validation-Generator/ValidationGenerator.Generator/ValidationGenerator.Generator.csproj" />
    <Project Path="Part4-Cookbook/04-Validation-Generator/ValidationGenerator.Tests.Unit/ValidationGenerator.Tests.Unit.csproj" />
    <Project Path="Part4-Cookbook/04-Validation-Generator/ValidationGenerator.Usage/ValidationGenerator.Usage.csproj" />
  </Folder>
  <Folder Name="/Part4-Cookbook/05-Custom-Generator-Template/">
    <Project Path="Part4-Cookbook/05-Custom-Generator-Template/CustomGeneratorTemplate.Generator/CustomGeneratorTemplate.Generator.csproj" />
    <Project Path="Part4-Cookbook/05-Custom-Generator-Template/CustomGeneratorTemplate.Tests.Unit/CustomGeneratorTemplate.Tests.Unit.csproj" />
    <Project Path="Part4-Cookbook/05-Custom-Generator-Template/CustomGeneratorTemplate.Usage/CustomGeneratorTemplate.Usage.csproj" />
  </Folder>
</Solution>
