<Solution>
  <Folder Name="/Part1-Domain-Entity-Foundations/" />
  <Folder Name="/Part1-Domain-Entity-Foundations/01-Entity-And-Identity/">
    <Project Path="Part1-Domain-Entity-Foundations/01-Entity-And-Identity/EntityAndIdentity.Tests.Unit/EntityAndIdentity.Tests.Unit.csproj" />
    <Project Path="Part1-Domain-Entity-Foundations/01-Entity-And-Identity/EntityAndIdentity/EntityAndIdentity.csproj" />
  </Folder>
  <Folder Name="/Part1-Domain-Entity-Foundations/02-Aggregate-Root/">
    <Project Path="Part1-Domain-Entity-Foundations/02-Aggregate-Root/AggregateRoot.Tests.Unit/AggregateRoot.Tests.Unit.csproj" />
    <Project Path="Part1-Domain-Entity-Foundations/02-Aggregate-Root/AggregateRoot/AggregateRoot.csproj" />
  </Folder>
  <Folder Name="/Part1-Domain-Entity-Foundations/03-Domain-Events/">
    <Project Path="Part1-Domain-Entity-Foundations/03-Domain-Events/DomainEvents.Tests.Unit/DomainEvents.Tests.Unit.csproj" />
    <Project Path="Part1-Domain-Entity-Foundations/03-Domain-Events/DomainEvents/DomainEvents.csproj" />
  </Folder>
  <Folder Name="/Part1-Domain-Entity-Foundations/04-Entity-Interfaces/">
    <Project Path="Part1-Domain-Entity-Foundations/04-Entity-Interfaces/EntityInterfaces.Tests.Unit/EntityInterfaces.Tests.Unit.csproj" />
    <Project Path="Part1-Domain-Entity-Foundations/04-Entity-Interfaces/EntityInterfaces/EntityInterfaces.csproj" />
  </Folder>
  <Folder Name="/Part2-Command-Repository/" />
  <Folder Name="/Part2-Command-Repository/01-Repository-Interface/">
    <Project Path="Part2-Command-Repository/01-Repository-Interface/RepositoryInterface.Tests.Unit/RepositoryInterface.Tests.Unit.csproj" />
    <Project Path="Part2-Command-Repository/01-Repository-Interface/RepositoryInterface/RepositoryInterface.csproj" />
  </Folder>
  <Folder Name="/Part2-Command-Repository/02-InMemory-Repository/">
    <Project Path="Part2-Command-Repository/02-InMemory-Repository/InMemoryRepository.Tests.Unit/InMemoryRepository.Tests.Unit.csproj" />
    <Project Path="Part2-Command-Repository/02-InMemory-Repository/InMemoryRepository/InMemoryRepository.csproj" />
  </Folder>
  <Folder Name="/Part2-Command-Repository/03-EfCore-Repository/">
    <Project Path="Part2-Command-Repository/03-EfCore-Repository/EfCoreRepository.Tests.Unit/EfCoreRepository.Tests.Unit.csproj" />
    <Project Path="Part2-Command-Repository/03-EfCore-Repository/EfCoreRepository/EfCoreRepository.csproj" />
  </Folder>
  <Folder Name="/Part2-Command-Repository/04-Unit-Of-Work/">
    <Project Path="Part2-Command-Repository/04-Unit-Of-Work/UnitOfWork.Tests.Unit/UnitOfWork.Tests.Unit.csproj" />
    <Project Path="Part2-Command-Repository/04-Unit-Of-Work/UnitOfWork/UnitOfWork.csproj" />
  </Folder>
  <Folder Name="/Part3-Query-Patterns/" />
  <Folder Name="/Part3-Query-Patterns/01-QueryPort-Interface/">
    <Project Path="Part3-Query-Patterns/01-QueryPort-Interface/QueryPortInterface.Tests.Unit/QueryPortInterface.Tests.Unit.csproj" />
    <Project Path="Part3-Query-Patterns/01-QueryPort-Interface/QueryPortInterface/QueryPortInterface.csproj" />
  </Folder>
  <Folder Name="/Part3-Query-Patterns/02-DTO-Separation/">
    <Project Path="Part3-Query-Patterns/02-DTO-Separation/DtoSeparation.Tests.Unit/DtoSeparation.Tests.Unit.csproj" />
    <Project Path="Part3-Query-Patterns/02-DTO-Separation/DtoSeparation/DtoSeparation.csproj" />
  </Folder>
  <Folder Name="/Part3-Query-Patterns/03-Pagination-And-Sorting/">
    <Project Path="Part3-Query-Patterns/03-Pagination-And-Sorting/PaginationAndSorting.Tests.Unit/PaginationAndSorting.Tests.Unit.csproj" />
    <Project Path="Part3-Query-Patterns/03-Pagination-And-Sorting/PaginationAndSorting/PaginationAndSorting.csproj" />
  </Folder>
  <Folder Name="/Part3-Query-Patterns/04-InMemory-Query-Adapter/">
    <Project Path="Part3-Query-Patterns/04-InMemory-Query-Adapter/InMemoryQueryAdapter.Tests.Unit/InMemoryQueryAdapter.Tests.Unit.csproj" />
    <Project Path="Part3-Query-Patterns/04-InMemory-Query-Adapter/InMemoryQueryAdapter/InMemoryQueryAdapter.csproj" />
  </Folder>
  <Folder Name="/Part3-Query-Patterns/05-Dapper-Query-Adapter/">
    <Project Path="Part3-Query-Patterns/05-Dapper-Query-Adapter/DapperQueryAdapter.Tests.Unit/DapperQueryAdapter.Tests.Unit.csproj" />
    <Project Path="Part3-Query-Patterns/05-Dapper-Query-Adapter/DapperQueryAdapter/DapperQueryAdapter.csproj" />
  </Folder>
  <Folder Name="/Part4-CQRS-Usecase-Integration/" />
  <Folder Name="/Part4-CQRS-Usecase-Integration/01-Command-Usecase/">
    <Project Path="Part4-CQRS-Usecase-Integration/01-Command-Usecase/CommandUsecase.Tests.Unit/CommandUsecase.Tests.Unit.csproj" />
    <Project Path="Part4-CQRS-Usecase-Integration/01-Command-Usecase/CommandUsecase/CommandUsecase.csproj" />
  </Folder>
  <Folder Name="/Part4-CQRS-Usecase-Integration/02-Query-Usecase/">
    <Project Path="Part4-CQRS-Usecase-Integration/02-Query-Usecase/QueryUsecase.Tests.Unit/QueryUsecase.Tests.Unit.csproj" />
    <Project Path="Part4-CQRS-Usecase-Integration/02-Query-Usecase/QueryUsecase/QueryUsecase.csproj" />
  </Folder>
  <Folder Name="/Part4-CQRS-Usecase-Integration/03-FinT-To-FinResponse/">
    <Project Path="Part4-CQRS-Usecase-Integration/03-FinT-To-FinResponse/FinTToFinResponse.Tests.Unit/FinTToFinResponse.Tests.Unit.csproj" />
    <Project Path="Part4-CQRS-Usecase-Integration/03-FinT-To-FinResponse/FinTToFinResponse/FinTToFinResponse.csproj" />
  </Folder>
  <Folder Name="/Part4-CQRS-Usecase-Integration/04-Domain-Event-Flow/">
    <Project Path="Part4-CQRS-Usecase-Integration/04-Domain-Event-Flow/DomainEventFlow.Tests.Unit/DomainEventFlow.Tests.Unit.csproj" />
    <Project Path="Part4-CQRS-Usecase-Integration/04-Domain-Event-Flow/DomainEventFlow/DomainEventFlow.csproj" />
  </Folder>
  <Folder Name="/Part4-CQRS-Usecase-Integration/05-Transaction-Pipeline/">
    <Project Path="Part4-CQRS-Usecase-Integration/05-Transaction-Pipeline/TransactionPipeline.Tests.Unit/TransactionPipeline.Tests.Unit.csproj" />
    <Project Path="Part4-CQRS-Usecase-Integration/05-Transaction-Pipeline/TransactionPipeline/TransactionPipeline.csproj" />
  </Folder>
  <Folder Name="/Part5-Domain-Examples/" />
  <Folder Name="/Part5-Domain-Examples/01-Ecommerce-Order-Management/">
    <Project Path="Part5-Domain-Examples/01-Ecommerce-Order-Management/EcommerceOrderManagement.Tests.Unit/EcommerceOrderManagement.Tests.Unit.csproj" />
    <Project Path="Part5-Domain-Examples/01-Ecommerce-Order-Management/EcommerceOrderManagement/EcommerceOrderManagement.csproj" />
  </Folder>
  <Folder Name="/Part5-Domain-Examples/02-Customer-Management/">
    <Project Path="Part5-Domain-Examples/02-Customer-Management/CustomerManagement.Tests.Unit/CustomerManagement.Tests.Unit.csproj" />
    <Project Path="Part5-Domain-Examples/02-Customer-Management/CustomerManagement/CustomerManagement.csproj" />
  </Folder>
  <Folder Name="/Part5-Domain-Examples/03-Inventory-Management/">
    <Project Path="Part5-Domain-Examples/03-Inventory-Management/InventoryManagement.Tests.Unit/InventoryManagement.Tests.Unit.csproj" />
    <Project Path="Part5-Domain-Examples/03-Inventory-Management/InventoryManagement/InventoryManagement.csproj" />
  </Folder>
  <Folder Name="/Part5-Domain-Examples/04-Catalog-Search/">
    <Project Path="Part5-Domain-Examples/04-Catalog-Search/CatalogSearch.Tests.Unit/CatalogSearch.Tests.Unit.csproj" />
    <Project Path="Part5-Domain-Examples/04-Catalog-Search/CatalogSearch/CatalogSearch.csproj" />
  </Folder>
</Solution>
